{
  "name": "monaco-wp-autocomplete",
  "version": "1.0.0",
  "lockfileVersion": 2,
  "requires": true,
  "packages": {
    "": {
      "name": "monaco-wp-autocomplete",
      "version": "1.0.0",
      "license": "ISC",
      "dependencies": {
        "emmet-monaco-es": "^4.7.6",
        "monaco-editor": "^0.34.1"
      }
    },
    "node_modules/@emmetio/abbreviation": {
      "version": "0.7.0",
      "resolved": "https://registry.npmjs.org/@emmetio/abbreviation/-/abbreviation-0.7.0.tgz",
      "integrity": "sha512-CjLWtUCyh2nRgG/TkBruPTNI03i+b2Bau9UP7g0zgWdeV6bBjNC8CxX106ZdMekK3I/RmTrWuzVV9b+7nwqKXA==",
      "dependencies": {
        "@emmetio/node": "^0.1.2",
        "@emmetio/stream-reader": "^2.2.0",
        "@emmetio/stream-reader-utils": "^0.1.0"
      }
    },
    "node_modules/@emmetio/css-abbreviation": {
      "version": "0.4.0",
      "resolved": "https://registry.npmjs.org/@emmetio/css-abbreviation/-/css-abbreviation-0.4.0.tgz",
      "integrity": "sha512-8b4+ZoBElpNMedO+gGCiEX/xGv8Do0NYUvsdVNv6O0fuP9octnxyzjb7HFGqDJ7hFzVORAfzOhpjyL8y2dw9AQ==",
      "dependencies": {
        "@emmetio/node": "^0.1.2",
        "@emmetio/stream-reader": "^2.2.0",
        "@emmetio/stream-reader-utils": "^0.1.0"
      }
    },
    "node_modules/@emmetio/css-snippets-resolver": {
      "version": "0.4.0",
      "resolved": "https://registry.npmjs.org/@emmetio/css-snippets-resolver/-/css-snippets-resolver-0.4.0.tgz",
      "integrity": "sha512-H0eOed2KljA/nQ64j3BKwAkAFliku5LAD58o4pvS3A9tZ2g3ctEpJ+61po78SZE1+Q+gRA3CGtC6rxtk7QlGPA=="
    },
    "node_modules/@emmetio/field-parser": {
      "version": "0.3.1",
      "resolved": "https://registry.npmjs.org/@emmetio/field-parser/-/field-parser-0.3.1.tgz",
      "integrity": "sha512-A26JuVvZRUBb/rNpaDdmBB2jaN3spx2JRLJQfkskz9CRbiSW9ZE/M7etKKMunV5UWUfSlygFaFUclT3y+UNDxw==",
      "dependencies": {
        "@emmetio/stream-reader": "^2.2.0",
        "@emmetio/stream-reader-utils": "^0.1.0"
      }
    },
    "node_modules/@emmetio/html-snippets-resolver": {
      "version": "0.1.4",
      "resolved": "https://registry.npmjs.org/@emmetio/html-snippets-resolver/-/html-snippets-resolver-0.1.4.tgz",
      "integrity": "sha512-KqskLHiFGLHOQeiGxPJqkdgtgu+ZzxqzZh6n/CSPWBNjUard9dmHZHFL+jgDhk/y6nKl5G7ynxeKVU8k+yKDvw==",
      "dependencies": {
        "@emmetio/abbreviation": "^0.6.0"
      }
    },
    "node_modules/@emmetio/html-snippets-resolver/node_modules/@emmetio/abbreviation": {
      "version": "0.6.6",
      "resolved": "https://registry.npmjs.org/@emmetio/abbreviation/-/abbreviation-0.6.6.tgz",
      "integrity": "sha512-jsh1Hyc7iY+5tADcn6GlIF/kxEbglPW+JE/FcCb4NNYqDr2swXvEGWd+DN3porBA67VDfDZVAwThhvYTsHKrRw==",
      "dependencies": {
        "@emmetio/node": "^0.1.2",
        "@emmetio/stream-reader": "^2.2.0",
        "@emmetio/stream-reader-utils": "^0.1.0"
      }
    },
    "node_modules/@emmetio/html-transform": {
      "version": "0.3.10",
      "resolved": "https://registry.npmjs.org/@emmetio/html-transform/-/html-transform-0.3.10.tgz",
      "integrity": "sha512-GxKcFDCkHQAre4lBRr4hbyYfRhAtTqDrcnwDi2n97CX6bKhdfL9p7fZIobtNtjX+ZdCVs36x4vizpiChEYOArg==",
      "dependencies": {
        "@emmetio/implicit-tag": "^1.0.0"
      }
    },
    "node_modules/@emmetio/implicit-tag": {
      "version": "1.0.0",
      "resolved": "https://registry.npmjs.org/@emmetio/implicit-tag/-/implicit-tag-1.0.0.tgz",
      "integrity": "sha512-FEuVxAbcayYrzXE06prKdFZ7jjILKnFirSadmy4gVzU/c/jsoBjmP63KXXYh8re6vxJa9uhNATRz//SxoJw1lA=="
    },
    "node_modules/@emmetio/lorem": {
      "version": "1.0.2",
      "resolved": "https://registry.npmjs.org/@emmetio/lorem/-/lorem-1.0.2.tgz",
      "integrity": "sha512-oUGR22inLtyIV6sreAYmkDSZaZO2mkiL3DKKD7sI9diHlT3ZyjBB480KCFKLjWUVRZDEQsuKeNMxsMVgZlc24w==",
      "dependencies": {
        "@emmetio/implicit-tag": "^1.0.0"
      }
    },
    "node_modules/@emmetio/markup-formatters": {
      "version": "0.4.1",
      "resolved": "https://registry.npmjs.org/@emmetio/markup-formatters/-/markup-formatters-0.4.1.tgz",
      "integrity": "sha512-RR+QPozAAL7pnFL5Nl3g5qXxUF2qw54oGl0njmBTZYYwf96LDJ2p6DfRhy8uCenRjMMgUijjQ31wtmDR4cobDA==",
      "dependencies": {
        "@emmetio/field-parser": "^0.3.0",
        "@emmetio/output-renderer": "^0.1.2"
      }
    },
    "node_modules/@emmetio/node": {
      "version": "0.1.2",
      "resolved": "https://registry.npmjs.org/@emmetio/node/-/node-0.1.2.tgz",
      "integrity": "sha512-rykoUNl5M0f2H2TNLY8JgiZFgeL12NHRG65dYyKU83A6qi3KhGSTb4mK4WdnwC/xQz4QWWu3nPa/PanTi55NRQ=="
    },
    "node_modules/@emmetio/output-profile": {
      "version": "0.1.6",
      "resolved": "https://registry.npmjs.org/@emmetio/output-profile/-/output-profile-0.1.6.tgz",
      "integrity": "sha512-7bIwR3YHmTEnyy76X4l9e5+wXE+lah2E1AIoeDyKFIfVujztXNqcv+BmPcV4LRl1+V6Qir8hIex+F2nz7PTPCg=="
    },
    "node_modules/@emmetio/output-renderer": {
      "version": "0.1.2",
      "resolved": "https://registry.npmjs.org/@emmetio/output-renderer/-/output-renderer-0.1.2.tgz",
      "integrity": "sha512-+N7J5L8UHJVXESSpbFTQ11tJwTgorJsIiJeep1YqFz66N8WutHbX5lRqv1H7O0Ve+jrAMo7VFCurfHxGB174yA==",
      "dependencies": {
        "@emmetio/field-parser": "^0.3.0"
      }
    },
    "node_modules/@emmetio/snippets": {
      "version": "0.2.12",
      "resolved": "https://registry.npmjs.org/@emmetio/snippets/-/snippets-0.2.12.tgz",
      "integrity": "sha512-xgjkyLZ4Ez8kN2qGNY59MadoIlStIohn80/FUSk+/DyNp/0SVpAe+/uQ5qJ4Mo4DDzfnkEkfCBMO/yq4SKoB0w=="
    },
    "node_modules/@emmetio/snippets-registry": {
      "version": "0.3.1",
      "resolved": "https://registry.npmjs.org/@emmetio/snippets-registry/-/snippets-registry-0.3.1.tgz",
      "integrity": "sha512-Mot1w4oRzEDCGNTaeA1DZbvQD1d0z5fm1c8aySJ5dB8Zegg7BvHGB4EB8NPyo5KnK6RnEECKk2vPp6ofJaz49Q=="
    },
    "node_modules/@emmetio/stream-reader": {
      "version": "2.2.0",
      "resolved": "https://registry.npmjs.org/@emmetio/stream-reader/-/stream-reader-2.2.0.tgz",
      "integrity": "sha512-fXVXEyFA5Yv3M3n8sUGT7+fvecGrZP4k6FnWWMSZVQf69kAq0LLpaBQLGcPR30m3zMmKYhECP4k/ZkzvhEW5kw=="
    },
    "node_modules/@emmetio/stream-reader-utils": {
      "version": "0.1.0",
      "resolved": "https://registry.npmjs.org/@emmetio/stream-reader-utils/-/stream-reader-utils-0.1.0.tgz",
      "integrity": "sha512-ZsZ2I9Vzso3Ho/pjZFsmmZ++FWeEd/txqybHTm4OgaZzdS8V9V/YYWQwg5TC38Z7uLWUV1vavpLLbjJtKubR1A=="
    },
    "node_modules/@emmetio/stylesheet-formatters": {
      "version": "0.2.1",
      "resolved": "https://registry.npmjs.org/@emmetio/stylesheet-formatters/-/stylesheet-formatters-0.2.1.tgz",
      "integrity": "sha512-1XHNVx6S3ra7dnv12CNT6Gq15VyT2Fkrhgp2yCj4g2jJJflVHU6t++VfjoK6w36hGYu0AqZL9TCa/8hLj2YjQw==",
      "dependencies": {
        "@emmetio/field-parser": "^0.3.0",
        "@emmetio/output-renderer": "^0.1.1"
      }
    },
    "node_modules/@emmetio/variable-resolver": {
      "version": "0.2.1",
      "resolved": "https://registry.npmjs.org/@emmetio/variable-resolver/-/variable-resolver-0.2.1.tgz",
      "integrity": "sha512-IBBC9VNRJHKOPvicJx2FF4IgxFh8rud06siuv/ctLKuM8MU/kwOPuPOMD2rsbghIobiavIiLAsAoQWPtk1gNFQ=="
    },
    "node_modules/emmet-monaco-es": {
      "version": "4.7.6",
      "resolved": "https://registry.npmjs.org/emmet-monaco-es/-/emmet-monaco-es-4.7.6.tgz",
      "integrity": "sha512-dxRro/ltyZB3gBWhSzUm+nTcvAVwCXq/YKGG8hUX+2Z9vsoi6/oXz69aPMwLuEB94rSswU3NPzT2KaClu0kr2A==",
      "dependencies": {
        "@emmetio/abbreviation": "^0.7.0",
        "@emmetio/css-abbreviation": "^0.4.0",
        "@emmetio/css-snippets-resolver": "^0.4.0",
        "@emmetio/html-snippets-resolver": "^0.1.4",
        "@emmetio/html-transform": "^0.3.10",
        "@emmetio/lorem": "^1.0.2",
        "@emmetio/markup-formatters": "^0.4.1",
        "@emmetio/output-profile": "^0.1.6",
        "@emmetio/snippets": "^0.2.12",
        "@emmetio/snippets-registry": "^0.3.1",
        "@emmetio/stylesheet-formatters": "^0.2.1",
        "@emmetio/variable-resolver": "^0.2.1"
      },
      "peerDependencies": {
        "monaco-editor": ">=0.22.0"
      }
    },
    "node_modules/monaco-editor": {
      "version": "0.34.1",
      "resolved": "https://registry.npmjs.org/monaco-editor/-/monaco-editor-0.34.1.tgz",
      "integrity": "sha512-FKc80TyiMaruhJKKPz5SpJPIjL+dflGvz4CpuThaPMc94AyN7SeC9HQ8hrvaxX7EyHdJcUY5i4D0gNyJj1vSZQ=="
    }
  },
  "dependencies": {
    "@emmetio/abbreviation": {
      "version": "0.7.0",
      "resolved": "https://registry.npmjs.org/@emmetio/abbreviation/-/abbreviation-0.7.0.tgz",
      "integrity": "sha512-CjLWtUCyh2nRgG/TkBruPTNI03i+b2Bau9UP7g0zgWdeV6bBjNC8CxX106ZdMekK3I/RmTrWuzVV9b+7nwqKXA==",
      "requires": {
        "@emmetio/node": "^0.1.2",
        "@emmetio/stream-reader": "^2.2.0",
        "@emmetio/stream-reader-utils": "^0.1.0"
      }
    },
    "@emmetio/css-abbreviation": {
      "version": "0.4.0",
      "resolved": "https://registry.npmjs.org/@emmetio/css-abbreviation/-/css-abbreviation-0.4.0.tgz",
      "integrity": "sha512-8b4+ZoBElpNMedO+gGCiEX/xGv8Do0NYUvsdVNv6O0fuP9octnxyzjb7HFGqDJ7hFzVORAfzOhpjyL8y2dw9AQ==",
      "requires": {
        "@emmetio/node": "^0.1.2",
        "@emmetio/stream-reader": "^2.2.0",
        "@emmetio/stream-reader-utils": "^0.1.0"
      }
    },
    "@emmetio/css-snippets-resolver": {
      "version": "0.4.0",
      "resolved": "https://registry.npmjs.org/@emmetio/css-snippets-resolver/-/css-snippets-resolver-0.4.0.tgz",
      "integrity": "sha512-H0eOed2KljA/nQ64j3BKwAkAFliku5LAD58o4pvS3A9tZ2g3ctEpJ+61po78SZE1+Q+gRA3CGtC6rxtk7QlGPA=="
    },
    "@emmetio/field-parser": {
      "version": "0.3.1",
      "resolved": "https://registry.npmjs.org/@emmetio/field-parser/-/field-parser-0.3.1.tgz",
      "integrity": "sha512-A26JuVvZRUBb/rNpaDdmBB2jaN3spx2JRLJQfkskz9CRbiSW9ZE/M7etKKMunV5UWUfSlygFaFUclT3y+UNDxw==",
      "requires": {
        "@emmetio/stream-reader": "^2.2.0",
        "@emmetio/stream-reader-utils": "^0.1.0"
      }
    },
    "@emmetio/html-snippets-resolver": {
      "version": "0.1.4",
      "resolved": "https://registry.npmjs.org/@emmetio/html-snippets-resolver/-/html-snippets-resolver-0.1.4.tgz",
      "integrity": "sha512-KqskLHiFGLHOQeiGxPJqkdgtgu+ZzxqzZh6n/CSPWBNjUard9dmHZHFL+jgDhk/y6nKl5G7ynxeKVU8k+yKDvw==",
      "requires": {
        "@emmetio/abbreviation": "^0.6.0"
      },
      "dependencies": {
        "@emmetio/abbreviation": {
          "version": "0.6.6",
          "resolved": "https://registry.npmjs.org/@emmetio/abbreviation/-/abbreviation-0.6.6.tgz",
          "integrity": "sha512-jsh1Hyc7iY+5tADcn6GlIF/kxEbglPW+JE/FcCb4NNYqDr2swXvEGWd+DN3porBA67VDfDZVAwThhvYTsHKrRw==",
          "requires": {
            "@emmetio/node": "^0.1.2",
            "@emmetio/stream-reader": "^2.2.0",
            "@emmetio/stream-reader-utils": "^0.1.0"
          }
        }
      }
    },
    "@emmetio/html-transform": {
      "version": "0.3.10",
      "resolved": "https://registry.npmjs.org/@emmetio/html-transform/-/html-transform-0.3.10.tgz",
      "integrity": "sha512-GxKcFDCkHQAre4lBRr4hbyYfRhAtTqDrcnwDi2n97CX6bKhdfL9p7fZIobtNtjX+ZdCVs36x4vizpiChEYOArg==",
      "requires": {
        "@emmetio/implicit-tag": "^1.0.0"
      }
    },
    "@emmetio/implicit-tag": {
      "version": "1.0.0",
      "resolved": "https://registry.npmjs.org/@emmetio/implicit-tag/-/implicit-tag-1.0.0.tgz",
      "integrity": "sha512-FEuVxAbcayYrzXE06prKdFZ7jjILKnFirSadmy4gVzU/c/jsoBjmP63KXXYh8re6vxJa9uhNATRz//SxoJw1lA=="
    },
    "@emmetio/lorem": {
      "version": "1.0.2",
      "resolved": "https://registry.npmjs.org/@emmetio/lorem/-/lorem-1.0.2.tgz",
      "integrity": "sha512-oUGR22inLtyIV6sreAYmkDSZaZO2mkiL3DKKD7sI9diHlT3ZyjBB480KCFKLjWUVRZDEQsuKeNMxsMVgZlc24w==",
      "requires": {
        "@emmetio/implicit-tag": "^1.0.0"
      }
    },
    "@emmetio/markup-formatters": {
      "version": "0.4.1",
      "resolved": "https://registry.npmjs.org/@emmetio/markup-formatters/-/markup-formatters-0.4.1.tgz",
      "integrity": "sha512-RR+QPozAAL7pnFL5Nl3g5qXxUF2qw54oGl0njmBTZYYwf96LDJ2p6DfRhy8uCenRjMMgUijjQ31wtmDR4cobDA==",
      "requires": {
        "@emmetio/field-parser": "^0.3.0",
        "@emmetio/output-renderer": "^0.1.2"
      }
    },
    "@emmetio/node": {
      "version": "0.1.2",
      "resolved": "https://registry.npmjs.org/@emmetio/node/-/node-0.1.2.tgz",
      "integrity": "sha512-rykoUNl5M0f2H2TNLY8JgiZFgeL12NHRG65dYyKU83A6qi3KhGSTb4mK4WdnwC/xQz4QWWu3nPa/PanTi55NRQ=="
    },
    "@emmetio/output-profile": {
      "version": "0.1.6",
      "resolved": "https://registry.npmjs.org/@emmetio/output-profile/-/output-profile-0.1.6.tgz",
      "integrity": "sha512-7bIwR3YHmTEnyy76X4l9e5+wXE+lah2E1AIoeDyKFIfVujztXNqcv+BmPcV4LRl1+V6Qir8hIex+F2nz7PTPCg=="
    },
    "@emmetio/output-renderer": {
      "version": "0.1.2",
      "resolved": "https://registry.npmjs.org/@emmetio/output-renderer/-/output-renderer-0.1.2.tgz",
      "integrity": "sha512-+N7J5L8UHJVXESSpbFTQ11tJwTgorJsIiJeep1YqFz66N8WutHbX5lRqv1H7O0Ve+jrAMo7VFCurfHxGB174yA==",
      "requires": {
        "@emmetio/field-parser": "^0.3.0"
      }
    },
    "@emmetio/snippets": {
      "version": "0.2.12",
      "resolved": "https://registry.npmjs.org/@emmetio/snippets/-/snippets-0.2.12.tgz",
      "integrity": "sha512-xgjkyLZ4Ez8kN2qGNY59MadoIlStIohn80/FUSk+/DyNp/0SVpAe+/uQ5qJ4Mo4DDzfnkEkfCBMO/yq4SKoB0w=="
    },
    "@emmetio/snippets-registry": {
      "version": "0.3.1",
      "resolved": "https://registry.npmjs.org/@emmetio/snippets-registry/-/snippets-registry-0.3.1.tgz",
      "integrity": "sha512-Mot1w4oRzEDCGNTaeA1DZbvQD1d0z5fm1c8aySJ5dB8Zegg7BvHGB4EB8NPyo5KnK6RnEECKk2vPp6ofJaz49Q=="
    },
    "@emmetio/stream-reader": {
      "version": "2.2.0",
      "resolved": "https://registry.npmjs.org/@emmetio/stream-reader/-/stream-reader-2.2.0.tgz",
      "integrity": "sha512-fXVXEyFA5Yv3M3n8sUGT7+fvecGrZP4k6FnWWMSZVQf69kAq0LLpaBQLGcPR30m3zMmKYhECP4k/ZkzvhEW5kw=="
    },
    "@emmetio/stream-reader-utils": {
      "version": "0.1.0",
      "resolved": "https://registry.npmjs.org/@emmetio/stream-reader-utils/-/stream-reader-utils-0.1.0.tgz",
      "integrity": "sha512-ZsZ2I9Vzso3Ho/pjZFsmmZ++FWeEd/txqybHTm4OgaZzdS8V9V/YYWQwg5TC38Z7uLWUV1vavpLLbjJtKubR1A=="
    },
    "@emmetio/stylesheet-formatters": {
      "version": "0.2.1",
      "resolved": "https://registry.npmjs.org/@emmetio/stylesheet-formatters/-/stylesheet-formatters-0.2.1.tgz",
      "integrity": "sha512-1XHNVx6S3ra7dnv12CNT6Gq15VyT2Fkrhgp2yCj4g2jJJflVHU6t++VfjoK6w36hGYu0AqZL9TCa/8hLj2YjQw==",
      "requires": {
        "@emmetio/field-parser": "^0.3.0",
        "@emmetio/output-renderer": "^0.1.1"
      }
    },
    "@emmetio/variable-resolver": {
      "version": "0.2.1",
      "resolved": "https://registry.npmjs.org/@emmetio/variable-resolver/-/variable-resolver-0.2.1.tgz",
      "integrity": "sha512-IBBC9VNRJHKOPvicJx2FF4IgxFh8rud06siuv/ctLKuM8MU/kwOPuPOMD2rsbghIobiavIiLAsAoQWPtk1gNFQ=="
    },
    "emmet-monaco-es": {
      "version": "4.7.6",
      "resolved": "https://registry.npmjs.org/emmet-monaco-es/-/emmet-monaco-es-4.7.6.tgz",
      "integrity": "sha512-dxRro/ltyZB3gBWhSzUm+nTcvAVwCXq/YKGG8hUX+2Z9vsoi6/oXz69aPMwLuEB94rSswU3NPzT2KaClu0kr2A==",
      "requires": {
        "@emmetio/abbreviation": "^0.7.0",
        "@emmetio/css-abbreviation": "^0.4.0",
        "@emmetio/css-snippets-resolver": "^0.4.0",
        "@emmetio/html-snippets-resolver": "^0.1.4",
        "@emmetio/html-transform": "^0.3.10",
        "@emmetio/lorem": "^1.0.2",
        "@emmetio/markup-formatters": "^0.4.1",
        "@emmetio/output-profile": "^0.1.6",
        "@emmetio/snippets": "^0.2.12",
        "@emmetio/snippets-registry": "^0.3.1",
        "@emmetio/stylesheet-formatters": "^0.2.1",
        "@emmetio/variable-resolver": "^0.2.1"
      }
    },
    "monaco-editor": {
      "version": "0.34.1",
      "resolved": "https://registry.npmjs.org/monaco-editor/-/monaco-editor-0.34.1.tgz",
      "integrity": "sha512-FKc80TyiMaruhJKKPz5SpJPIjL+dflGvz4CpuThaPMc94AyN7SeC9HQ8hrvaxX7EyHdJcUY5i4D0gNyJj1vSZQ=="
    }
  }
}
